
Microsoft Visual Studio Solution File, Format Version 12.00
# Visual Studio Version 16
VisualStudioVersion = 16.0.29020.237
MinimumVisualStudioVersion = 10.0.40219.1
Project("{FAE04EC0-301F-11D3-BF4B-00C04F79EFBC}") = "Chapter1", "Chapter1.csproj", "{36A1F64A-659D-4739-8424-E19F70E53473}"
EndProject
Global
	GlobalSection(SolutionConfigurationPlatforms) = preSolution
		Debug|Any CPU = Debug|Any CPU
		Release|Any CPU = Release|Any CPU
	EndGlobalSection
	GlobalSection(ProjectConfigurationPlatforms) = postSolution
		{36A1F64A-659D-4739-8424-E19F70E53473}.Debug|Any CPU.ActiveCfg = Debug|Any CPU
		{36A1F64A-659D-4739-8424-E19F70E53473}.Debug|Any CPU.Build.0 = Debug|Any CPU
		{36A1F64A-659D-4739-8424-E19F70E53473}.Release|Any CPU.ActiveCfg = Release|Any CPU
		{36A1F64A-659D-4739-8424-E19F70E53473}.Release|Any CPU.Build.0 = Release|Any CPU
	EndGlobalSection
	GlobalSection(SolutionProperties) = preSolution
		HideSolutionNode = FALSE
	EndGlobalSection
	GlobalSection(ExtensibilityGlobals) = postSolution
		SolutionGuid = {F73FEE9E-4B4B-42BF-AD1A-5A8C30A8DF7D}
	EndGlobalSection
EndGlobal
