
Microsoft Visual Studio Solution File, Format Version 12.00
# Visual Studio Version 16
VisualStudioVersion = 16.0.29020.237
MinimumVisualStudioVersion = 10.0.40219.1
Project("{FAE04EC0-301F-11D3-BF4B-00C04F79EFBC}") = "Chapter2", "Chapter2.csproj", "{AB9011BD-E8C0-436D-B600-48C70DEFC961}"
EndProject
Global
	GlobalSection(SolutionConfigurationPlatforms) = preSolution
		Debug|Any CPU = Debug|Any CPU
		Release|Any CPU = Release|Any CPU
	EndGlobalSection
	GlobalSection(ProjectConfigurationPlatforms) = postSolution
		{AB9011BD-E8C0-436D-B600-48C70DEFC961}.Debug|Any CPU.ActiveCfg = Debug|Any CPU
		{AB9011BD-E8C0-436D-B600-48C70DEFC961}.Debug|Any CPU.Build.0 = Debug|Any CPU
		{AB9011BD-E8C0-436D-B600-48C70DEFC961}.Release|Any CPU.ActiveCfg = Release|Any CPU
		{AB9011BD-E8C0-436D-B600-48C70DEFC961}.Release|Any CPU.Build.0 = Release|Any CPU
	EndGlobalSection
	GlobalSection(SolutionProperties) = preSolution
		HideSolutionNode = FALSE
	EndGlobalSection
	GlobalSection(ExtensibilityGlobals) = postSolution
		SolutionGuid = {3B9DB0FD-CE15-484A-819D-51321542AE74}
	EndGlobalSection
EndGlobal
